
Microsoft Visual Studio Solution File, Format Version 12.00
# Visual Studio Version 17
VisualStudioVersion = 17.8.34525.116
MinimumVisualStudioVersion = 10.0.40219.1
Project("{FAE04EC0-301F-11D3-BF4B-00C04F79EFBC}") = "Servidor", "Servidor.csproj", "{3D7C6295-2A86-498C-B718-9CE1567DE186}"
EndProject
Project("{FAE04EC0-301F-11D3-BF4B-00C04F79EFBC}") = "Cliente", "..\Cliente\Cliente.csproj", "{3725D7F2-1632-478C-A134-37286A3804D9}"
EndProject
Global
	GlobalSection(SolutionConfigurationPlatforms) = preSolution
		Debug|Any CPU = Debug|Any CPU
		Release|Any CPU = Release|Any CPU
	EndGlobalSection
	GlobalSection(ProjectConfigurationPlatforms) = postSolution
		{3D7C6295-2A86-498C-B718-9CE1567DE186}.Debug|Any CPU.ActiveCfg = Debug|Any CPU
		{3D7C6295-2A86-498C-B718-9CE1567DE186}.Debug|Any CPU.Build.0 = Debug|Any CPU
		{3D7C6295-2A86-498C-B718-9CE1567DE186}.Release|Any CPU.ActiveCfg = Release|Any CPU
		{3D7C6295-2A86-498C-B718-9CE1567DE186}.Release|Any CPU.Build.0 = Release|Any CPU
		{3725D7F2-1632-478C-A134-37286A3804D9}.Debug|Any CPU.ActiveCfg = Debug|Any CPU
		{3725D7F2-1632-478C-A134-37286A3804D9}.Debug|Any CPU.Build.0 = Debug|Any CPU
		{3725D7F2-1632-478C-A134-37286A3804D9}.Release|Any CPU.ActiveCfg = Release|Any CPU
		{3725D7F2-1632-478C-A134-37286A3804D9}.Release|Any CPU.Build.0 = Release|Any CPU
	EndGlobalSection
	GlobalSection(SolutionProperties) = preSolution
		HideSolutionNode = FALSE
	EndGlobalSection
	GlobalSection(ExtensibilityGlobals) = postSolution
		SolutionGuid = {0FA0277D-CF33-40C9-AED7-3E4E761948BB}
	EndGlobalSection
EndGlobal
